
Microsoft Visual Studio Solution File, Format Version 12.00
# Visual Studio Version 16
VisualStudioVersion = 16.0.29911.84
MinimumVisualStudioVersion = 10.0.40219.1
Project("{FAE04EC0-301F-11D3-BF4B-00C04F79EFBC}") = "TPC_MAZZITELLO", "TPC_MAZZITELLO\TPC_MAZZITELLO.csproj", "{154A85C3-00F8-4A80-9C79-45635FB77DE3}"
EndProject
Project("{FAE04EC0-301F-11D3-BF4B-00C04F79EFBC}") = "Dominio", "Dominio\Dominio.csproj", "{826D68A2-7FDB-4E94-B0F2-27CDFF7028E7}"
EndProject
Project("{FAE04EC0-301F-11D3-BF4B-00C04F79EFBC}") = "Negocio", "Negocio\Negocio.csproj", "{47B83487-B550-4B30-A4F0-244C34A6DB65}"
EndProject
Global
	GlobalSection(SolutionConfigurationPlatforms) = preSolution
		Debug|Any CPU = Debug|Any CPU
		Release|Any CPU = Release|Any CPU
	EndGlobalSection
	GlobalSection(ProjectConfigurationPlatforms) = postSolution
		{154A85C3-00F8-4A80-9C79-45635FB77DE3}.Debug|Any CPU.ActiveCfg = Debug|Any CPU
		{154A85C3-00F8-4A80-9C79-45635FB77DE3}.Debug|Any CPU.Build.0 = Debug|Any CPU
		{154A85C3-00F8-4A80-9C79-45635FB77DE3}.Release|Any CPU.ActiveCfg = Release|Any CPU
		{154A85C3-00F8-4A80-9C79-45635FB77DE3}.Release|Any CPU.Build.0 = Release|Any CPU
		{826D68A2-7FDB-4E94-B0F2-27CDFF7028E7}.Debug|Any CPU.ActiveCfg = Debug|Any CPU
		{826D68A2-7FDB-4E94-B0F2-27CDFF7028E7}.Debug|Any CPU.Build.0 = Debug|Any CPU
		{826D68A2-7FDB-4E94-B0F2-27CDFF7028E7}.Release|Any CPU.ActiveCfg = Release|Any CPU
		{826D68A2-7FDB-4E94-B0F2-27CDFF7028E7}.Release|Any CPU.Build.0 = Release|Any CPU
		{47B83487-B550-4B30-A4F0-244C34A6DB65}.Debug|Any CPU.ActiveCfg = Debug|Any CPU
		{47B83487-B550-4B30-A4F0-244C34A6DB65}.Debug|Any CPU.Build.0 = Debug|Any CPU
		{47B83487-B550-4B30-A4F0-244C34A6DB65}.Release|Any CPU.ActiveCfg = Release|Any CPU
		{47B83487-B550-4B30-A4F0-244C34A6DB65}.Release|Any CPU.Build.0 = Release|Any CPU
	EndGlobalSection
	GlobalSection(SolutionProperties) = preSolution
		HideSolutionNode = FALSE
	EndGlobalSection
	GlobalSection(ExtensibilityGlobals) = postSolution
		SolutionGuid = {3D2D920F-E5D7-40CA-8FE1-347A1AFEAD4F}
	EndGlobalSection
EndGlobal
